
Microsoft Visual Studio Solution File, Format Version 12.00
# Visual Studio Version 17
VisualStudioVersion = 17.0.32126.317
MinimumVisualStudioVersion = 10.0.40219.1
Project("{FAE04EC0-301F-11D3-BF4B-00C04F79EFBC}") = "HostedWithSignalR", "HostedWithSignalR\HostedWithSignalR.csproj", "{0A1CB4BF-E6DE-41C3-933C-FD14B97706A4}"
EndProject
Global
	GlobalSection(SolutionConfigurationPlatforms) = preSolution
		Debug|Any CPU = Debug|Any CPU
		Release|Any CPU = Release|Any CPU
	EndGlobalSection
	GlobalSection(ProjectConfigurationPlatforms) = postSolution
		{0A1CB4BF-E6DE-41C3-933C-FD14B97706A4}.Debug|Any CPU.ActiveCfg = Debug|Any CPU
		{0A1CB4BF-E6DE-41C3-933C-FD14B97706A4}.Debug|Any CPU.Build.0 = Debug|Any CPU
		{0A1CB4BF-E6DE-41C3-933C-FD14B97706A4}.Release|Any CPU.ActiveCfg = Release|Any CPU
		{0A1CB4BF-E6DE-41C3-933C-FD14B97706A4}.Release|Any CPU.Build.0 = Release|Any CPU
	EndGlobalSection
	GlobalSection(SolutionProperties) = preSolution
		HideSolutionNode = FALSE
	EndGlobalSection
	GlobalSection(ExtensibilityGlobals) = postSolution
		SolutionGuid = {91476609-23BD-496B-8E87-1B7F15B02C1E}
	EndGlobalSection
EndGlobal
